
Microsoft Visual Studio Solution File, Format Version 12.00
# Visual Studio Version 17
VisualStudioVersion = 17.13.35825.156
MinimumVisualStudioVersion = 10.0.40219.1
Project("{FAE04EC0-301F-11D3-BF4B-00C04F79EFBC}") = "ApiGateWay", "ApiGateWay\ApiGateWay.csproj", "{DB705F29-A973-4E08-940C-FC1415178ADD}"
EndProject
Project("{FAE04EC0-301F-11D3-BF4B-00C04F79EFBC}") = "AuthService", "AuthService\AuthService.csproj", "{1259B956-3D89-4D1A-A7E9-C40B616A0524}"
EndProject
Project("{FAE04EC0-301F-11D3-BF4B-00C04F79EFBC}") = "HospitalService", "HospitalService\HospitalService.csproj", "{EB8B41B2-7F67-422F-8BD1-93DA464BA859}"
EndProject
Project("{FAE04EC0-301F-11D3-BF4B-00C04F79EFBC}") = "UserService", "UserService\UserService.csproj", "{D9ACC37D-3EE5-453A-9CDB-757208FD6200}"
EndProject
Project("{FAE04EC0-301F-11D3-BF4B-00C04F79EFBC}") = "AppointmentService", "AppointmentService\AppointmentService.csproj", "{620DD19C-A66C-4FBA-B9E4-CDD1F3A99A20}"
EndProject
Global
	GlobalSection(SolutionConfigurationPlatforms) = preSolution
		Debug|Any CPU = Debug|Any CPU
		Release|Any CPU = Release|Any CPU
	EndGlobalSection
	GlobalSection(ProjectConfigurationPlatforms) = postSolution
		{DB705F29-A973-4E08-940C-FC1415178ADD}.Debug|Any CPU.ActiveCfg = Debug|Any CPU
		{DB705F29-A973-4E08-940C-FC1415178ADD}.Debug|Any CPU.Build.0 = Debug|Any CPU
		{DB705F29-A973-4E08-940C-FC1415178ADD}.Release|Any CPU.ActiveCfg = Release|Any CPU
		{DB705F29-A973-4E08-940C-FC1415178ADD}.Release|Any CPU.Build.0 = Release|Any CPU
		{1259B956-3D89-4D1A-A7E9-C40B616A0524}.Debug|Any CPU.ActiveCfg = Debug|Any CPU
		{1259B956-3D89-4D1A-A7E9-C40B616A0524}.Debug|Any CPU.Build.0 = Debug|Any CPU
		{1259B956-3D89-4D1A-A7E9-C40B616A0524}.Release|Any CPU.ActiveCfg = Release|Any CPU
		{1259B956-3D89-4D1A-A7E9-C40B616A0524}.Release|Any CPU.Build.0 = Release|Any CPU
		{EB8B41B2-7F67-422F-8BD1-93DA464BA859}.Debug|Any CPU.ActiveCfg = Debug|Any CPU
		{EB8B41B2-7F67-422F-8BD1-93DA464BA859}.Debug|Any CPU.Build.0 = Debug|Any CPU
		{EB8B41B2-7F67-422F-8BD1-93DA464BA859}.Release|Any CPU.ActiveCfg = Release|Any CPU
		{EB8B41B2-7F67-422F-8BD1-93DA464BA859}.Release|Any CPU.Build.0 = Release|Any CPU
		{D9ACC37D-3EE5-453A-9CDB-757208FD6200}.Debug|Any CPU.ActiveCfg = Debug|Any CPU
		{D9ACC37D-3EE5-453A-9CDB-757208FD6200}.Debug|Any CPU.Build.0 = Debug|Any CPU
		{D9ACC37D-3EE5-453A-9CDB-757208FD6200}.Release|Any CPU.ActiveCfg = Release|Any CPU
		{D9ACC37D-3EE5-453A-9CDB-757208FD6200}.Release|Any CPU.Build.0 = Release|Any CPU
		{620DD19C-A66C-4FBA-B9E4-CDD1F3A99A20}.Debug|Any CPU.ActiveCfg = Debug|Any CPU
		{620DD19C-A66C-4FBA-B9E4-CDD1F3A99A20}.Debug|Any CPU.Build.0 = Debug|Any CPU
		{620DD19C-A66C-4FBA-B9E4-CDD1F3A99A20}.Release|Any CPU.ActiveCfg = Release|Any CPU
		{620DD19C-A66C-4FBA-B9E4-CDD1F3A99A20}.Release|Any CPU.Build.0 = Release|Any CPU
	EndGlobalSection
	GlobalSection(SolutionProperties) = preSolution
		HideSolutionNode = FALSE
	EndGlobalSection
	GlobalSection(ExtensibilityGlobals) = postSolution
		SolutionGuid = {88403B01-6677-4353-A82B-A4D4E2C7FA85}
	EndGlobalSection
EndGlobal
